// !$*UTF8*$!
{
	archiveVersion = 1;
	classes = {
	};
	objectVersion = 46;
	objects = {

/* Begin PBXBuildFile section */
		321128CC1C5D3F0D006149D8 /* barcodecluster.cpp in Sources */ = {isa = PBXBuildFile; fileRef = 3211281D1C5D3F0D006149D8 /* barcodecluster.cpp */; };
		321128D01C5D3F0D006149D8 /* barcodeindexer.cpp in Sources */ = {isa = PBXBuildFile; fileRef = 321128251C5D3F0D006149D8 /* barcodeindexer.cpp */; };
		321128D11C5D3F0D006149D8 /* barcodemutationgenerator.cpp in Sources */ = {isa = PBXBuildFile; fileRef = 321128271C5D3F0D006149D8 /* barcodemutationgenerator.cpp */; };
		321128D21C5D3F0D006149D8 /* barcodepool.cpp in Sources */ = {isa = PBXBuildFile; fileRef = 321128291C5D3F0D006149D8 /* barcodepool.cpp */; };
		321128D31C5D3F0D006149D8 /* barcodetabledumper.cpp in Sources */ = {isa = PBXBuildFile; fileRef = 3211282B1C5D3F0D006149D8 /* barcodetabledumper.cpp */; };
		321128D51C5D3F0D006149D8 /* bartender_extractor.cpp in Sources */ = {isa = PBXBuildFile; fileRef = 3211282F1C5D3F0D006149D8 /* bartender_extractor.cpp */; };
		321128D61C5D3F0D006149D8 /* bartender_single.cpp in Sources */ = {isa = PBXBuildFile; fileRef = 321128301C5D3F0D006149D8 /* bartender_single.cpp */; };
		321128D91C5D3F0D006149D8 /* centerclustermapper.cpp in Sources */ = {isa = PBXBuildFile; fileRef = 321128351C5D3F0D006149D8 /* centerclustermapper.cpp */; };
		321128DA1C5D3F0D006149D8 /* centerclustermapperiterator.cpp in Sources */ = {isa = PBXBuildFile; fileRef = 321128371C5D3F0D006149D8 /* centerclustermapperiterator.cpp */; };
		321128DB1C5D3F0D006149D8 /* centerhistogramgenerator.cpp in Sources */ = {isa = PBXBuildFile; fileRef = 321128391C5D3F0D006149D8 /* centerhistogramgenerator.cpp */; };
		321128DC1C5D3F0D006149D8 /* centerrecalibrator.cpp in Sources */ = {isa = PBXBuildFile; fileRef = 3211283B1C5D3F0D006149D8 /* centerrecalibrator.cpp */; };
		321128DE1C5D3F0D006149D8 /* clusteralgorithm.cpp in Sources */ = {isa = PBXBuildFile; fileRef = 321128401C5D3F0D006149D8 /* clusteralgorithm.cpp */; };
		321128DF1C5D3F0D006149D8 /* clustercenterlinkgenerator.cpp in Sources */ = {isa = PBXBuildFile; fileRef = 321128421C5D3F0D006149D8 /* clustercenterlinkgenerator.cpp */; };
		321128E01C5D3F0D006149D8 /* clusteringdriver.cpp in Sources */ = {isa = PBXBuildFile; fileRef = 321128441C5D3F0D006149D8 /* clusteringdriver.cpp */; };
		321128E11C5D3F0D006149D8 /* clusteringwithtest.cpp in Sources */ = {isa = PBXBuildFile; fileRef = 321128461C5D3F0D006149D8 /* clusteringwithtest.cpp */; };
		321128E31C5D3F0D006149D8 /* clusterloader.cpp in Sources */ = {isa = PBXBuildFile; fileRef = 3211284A1C5D3F0D006149D8 /* clusterloader.cpp */; };
		321128E41C5D3F0D006149D8 /* clustermergeronesampletester.cpp in Sources */ = {isa = PBXBuildFile; fileRef = 3211284C1C5D3F0D006149D8 /* clustermergeronesampletester.cpp */; };
		321128E51C5D3F0D006149D8 /* clustermergerpooltester.cpp in Sources */ = {isa = PBXBuildFile; fileRef = 3211284E1C5D3F0D006149D8 /* clustermergerpooltester.cpp */; };
		321128E61C5D3F0D006149D8 /* clustermergertester.cpp in Sources */ = {isa = PBXBuildFile; fileRef = 321128501C5D3F0D006149D8 /* clustermergertester.cpp */; };
		321128E71C5D3F0D006149D8 /* clustermergerunpooltester.cpp in Sources */ = {isa = PBXBuildFile; fileRef = 321128521C5D3F0D006149D8 /* clustermergerunpooltester.cpp */; };
		321128E81C5D3F0D006149D8 /* clusteroutput.cpp in Sources */ = {isa = PBXBuildFile; fileRef = 321128541C5D3F0D006149D8 /* clusteroutput.cpp */; };
		321128EA1C5D3F0D006149D8 /* clusterpruner.cpp in Sources */ = {isa = PBXBuildFile; fileRef = 321128581C5D3F0D006149D8 /* clusterpruner.cpp */; };
		321128EB1C5D3F0D006149D8 /* clustersbucketer.cpp in Sources */ = {isa = PBXBuildFile; fileRef = 3211285A1C5D3F0D006149D8 /* clustersbucketer.cpp */; };
		321128EC1C5D3F0D006149D8 /* clustersplitter.cpp in Sources */ = {isa = PBXBuildFile; fileRef = 3211285C1C5D3F0D006149D8 /* clustersplitter.cpp */; };
		321128ED1C5D3F0D006149D8 /* clustertabledumper.cpp in Sources */ = {isa = PBXBuildFile; fileRef = 3211285E1C5D3F0D006149D8 /* clustertabledumper.cpp */; };
		321128F31C5D3F0D006149D8 /* distanceselector.cpp in Sources */ = {isa = PBXBuildFile; fileRef = 3211286B1C5D3F0D006149D8 /* distanceselector.cpp */; };
		321128F51C5D3F0D006149D8 /* errorrateestimator.cpp in Sources */ = {isa = PBXBuildFile; fileRef = 321128701C5D3F0D006149D8 /* errorrateestimator.cpp */; };
		321128F61C5D3F0D006149D8 /* fastapattern.cpp in Sources */ = {isa = PBXBuildFile; fileRef = 321128721C5D3F0D006149D8 /* fastapattern.cpp */; };
		321128F71C5D3F0D006149D8 /* fastqpattern.cpp in Sources */ = {isa = PBXBuildFile; fileRef = 321128741C5D3F0D006149D8 /* fastqpattern.cpp */; };
		321128F81C5D3F0D006149D8 /* hypothesistester.cpp in Sources */ = {isa = PBXBuildFile; fileRef = 321128781C5D3F0D006149D8 /* hypothesistester.cpp */; };
		321128F91C5D3F0D006149D8 /* idgenerator.cpp in Sources */ = {isa = PBXBuildFile; fileRef = 3211287A1C5D3F0D006149D8 /* idgenerator.cpp */; };
		321128FB1C5D3F0D006149D8 /* kmerdecoder.cpp in Sources */ = {isa = PBXBuildFile; fileRef = 3211287F1C5D3F0D006149D8 /* kmerdecoder.cpp */; };
		321128FD1C5D3F0D006149D8 /* kmers_bitwisetransform.cpp in Sources */ = {isa = PBXBuildFile; fileRef = 321128831C5D3F0D006149D8 /* kmers_bitwisetransform.cpp */; };
		321128FE1C5D3F0D006149D8 /* kmers_dictionary.cpp in Sources */ = {isa = PBXBuildFile; fileRef = 321128851C5D3F0D006149D8 /* kmers_dictionary.cpp */; };
		321129001C5D3F0D006149D8 /* meanestimator.cpp in Sources */ = {isa = PBXBuildFile; fileRef = 321128891C5D3F0D006149D8 /* meanestimator.cpp */; };
		321129011C5D3F0D006149D8 /* meansequentialestimator.cpp in Sources */ = {isa = PBXBuildFile; fileRef = 3211288B1C5D3F0D006149D8 /* meansequentialestimator.cpp */; };
		321129021C5D3F0D006149D8 /* mergebycenters.cpp in Sources */ = {isa = PBXBuildFile; fileRef = 3211288D1C5D3F0D006149D8 /* mergebycenters.cpp */; };
		321129031C5D3F0D006149D8 /* mixturebptester.cpp in Sources */ = {isa = PBXBuildFile; fileRef = 321128901C5D3F0D006149D8 /* mixturebptester.cpp */; };
		321129041C5D3F0D006149D8 /* multipletimepointsprocessor.cpp in Sources */ = {isa = PBXBuildFile; fileRef = 321128921C5D3F0D006149D8 /* multipletimepointsprocessor.cpp */; };
		321129051C5D3F0D006149D8 /* oneproportiontest.cpp in Sources */ = {isa = PBXBuildFile; fileRef = 321128941C5D3F0D006149D8 /* oneproportiontest.cpp */; };
		321129061C5D3F0D006149D8 /* pattern.cpp in Sources */ = {isa = PBXBuildFile; fileRef = 321128961C5D3F0D006149D8 /* pattern.cpp */; };
		321129071C5D3F0D006149D8 /* pcrprocessor.cpp in Sources */ = {isa = PBXBuildFile; fileRef = 321128991C5D3F0D006149D8 /* pcrprocessor.cpp */; };
		321129081C5D3F0D006149D8 /* proportionpooltest.cpp in Sources */ = {isa = PBXBuildFile; fileRef = 3211289B1C5D3F0D006149D8 /* proportionpooltest.cpp */; };
		321129091C5D3F0D006149D8 /* proportiontest.cpp in Sources */ = {isa = PBXBuildFile; fileRef = 3211289D1C5D3F0D006149D8 /* proportiontest.cpp */; };
		3211290A1C5D3F0D006149D8 /* qualitytabledumper.cpp in Sources */ = {isa = PBXBuildFile; fileRef = 3211289F1C5D3F0D006149D8 /* qualitytabledumper.cpp */; };
		3211290B1C5D3F0D006149D8 /* rawbarcodeloader.cpp in Sources */ = {isa = PBXBuildFile; fileRef = 321128A11C5D3F0D006149D8 /* rawbarcodeloader.cpp */; };
		3211290E1C5D3F0D006149D8 /* rawreadsprocessor.cpp in Sources */ = {isa = PBXBuildFile; fileRef = 321128A71C5D3F0D006149D8 /* rawreadsprocessor.cpp */; };
		321129101C5D3F0D006149D8 /* seedselector.cpp in Sources */ = {isa = PBXBuildFile; fileRef = 321128AB1C5D3F0D006149D8 /* seedselector.cpp */; };
		321129121C5D3F0D006149D8 /* sequencecounter.cpp in Sources */ = {isa = PBXBuildFile; fileRef = 321128AF1C5D3F0D006149D8 /* sequencecounter.cpp */; };
		321129151C5D3F0D006149D8 /* singlereadsprocessor.cpp in Sources */ = {isa = PBXBuildFile; fileRef = 321128B91C5D3F0D006149D8 /* singlereadsprocessor.cpp */; };
		321129191C5D3F0D006149D8 /* testSimulation.cpp in Sources */ = {isa = PBXBuildFile; fileRef = 321128C41C5D3F0D006149D8 /* testSimulation.cpp */; };
		3211291A1C5D3F0D006149D8 /* timepointsmerger.cpp in Sources */ = {isa = PBXBuildFile; fileRef = 321128C61C5D3F0D006149D8 /* timepointsmerger.cpp */; };
		3211291B1C5D3F0D006149D8 /* util.cpp in Sources */ = {isa = PBXBuildFile; fileRef = 321128CA1C5D3F0D006149D8 /* util.cpp */; };
		3211291E1C5D4290006149D8 /* barcodeextractor.cpp in Sources */ = {isa = PBXBuildFile; fileRef = 3211291C1C5D4290006149D8 /* barcodeextractor.cpp */; };
		321129211C5D470D006149D8 /* sequence.cpp in Sources */ = {isa = PBXBuildFile; fileRef = 3211291F1C5D470D006149D8 /* sequence.cpp */; };
		321129241C5D4787006149D8 /* threadwrapper.cpp in Sources */ = {isa = PBXBuildFile; fileRef = 321129221C5D4787006149D8 /* threadwrapper.cpp */; };
		321129271C5D4A53006149D8 /* clusterThreadBatcher.cpp in Sources */ = {isa = PBXBuildFile; fileRef = 321129251C5D4A53006149D8 /* clusterThreadBatcher.cpp */; };
		326E721B1C8225DE004C2686 /* errorestimator.cpp in Sources */ = {isa = PBXBuildFile; fileRef = 326E72191C8225DE004C2686 /* errorestimator.cpp */; };
		326E721E1C8237A0004C2686 /* barcodepoolstatistics.cpp in Sources */ = {isa = PBXBuildFile; fileRef = 326E721C1C8237A0004C2686 /* barcodepoolstatistics.cpp */; };
/* End PBXBuildFile section */

/* Begin PBXCopyFilesBuildPhase section */
		321128101C5D3EBB006149D8 /* CopyFiles */ = {
			isa = PBXCopyFilesBuildPhase;
			buildActionMask = 2147483647;
			dstPath = /usr/share/man/man1/;
			dstSubfolderSpec = 0;
			files = (
			);
			runOnlyForDeploymentPostprocessing = 1;
		};
/* End PBXCopyFilesBuildPhase section */

/* Begin PBXFileReference section */
		321128121C5D3EBB006149D8 /* barcode_project */ = {isa = PBXFileReference; explicitFileType = "compiled.mach-o.executable"; includeInIndex = 0; path = barcode_project; sourceTree = BUILT_PRODUCTS_DIR; };
		3211281C1C5D3F0D006149D8 /* assert_helpers.h */ = {isa = PBXFileReference; fileEncoding = 4; lastKnownFileType = sourcecode.c.h; path = assert_helpers.h; sourceTree = SOURCE_ROOT; };
		3211281D1C5D3F0D006149D8 /* barcodecluster.cpp */ = {isa = PBXFileReference; fileEncoding = 4; lastKnownFileType = sourcecode.cpp.cpp; path = barcodecluster.cpp; sourceTree = SOURCE_ROOT; };
		3211281E1C5D3F0D006149D8 /* barcodecluster.hpp */ = {isa = PBXFileReference; fileEncoding = 4; lastKnownFileType = sourcecode.cpp.h; path = barcodecluster.hpp; sourceTree = SOURCE_ROOT; };
		321128251C5D3F0D006149D8 /* barcodeindexer.cpp */ = {isa = PBXFileReference; fileEncoding = 4; lastKnownFileType = sourcecode.cpp.cpp; path = barcodeindexer.cpp; sourceTree = SOURCE_ROOT; };
		321128261C5D3F0D006149D8 /* barcodeindexer.hpp */ = {isa = PBXFileReference; fileEncoding = 4; lastKnownFileType = sourcecode.cpp.h; path = barcodeindexer.hpp; sourceTree = SOURCE_ROOT; };
		321128271C5D3F0D006149D8 /* barcodemutationgenerator.cpp */ = {isa = PBXFileReference; fileEncoding = 4; lastKnownFileType = sourcecode.cpp.cpp; path = barcodemutationgenerator.cpp; sourceTree = SOURCE_ROOT; };
		321128281C5D3F0D006149D8 /* barcodemutationgenerator.h */ = {isa = PBXFileReference; fileEncoding = 4; lastKnownFileType = sourcecode.c.h; path = barcodemutationgenerator.h; sourceTree = SOURCE_ROOT; };
		321128291C5D3F0D006149D8 /* barcodepool.cpp */ = {isa = PBXFileReference; fileEncoding = 4; lastKnownFileType = sourcecode.cpp.cpp; path = barcodepool.cpp; sourceTree = SOURCE_ROOT; };
		3211282A1C5D3F0D006149D8 /* barcodepool.hpp */ = {isa = PBXFileReference; fileEncoding = 4; lastKnownFileType = sourcecode.cpp.h; path = barcodepool.hpp; sourceTree = SOURCE_ROOT; };
		3211282B1C5D3F0D006149D8 /* barcodetabledumper.cpp */ = {isa = PBXFileReference; fileEncoding = 4; lastKnownFileType = sourcecode.cpp.cpp; path = barcodetabledumper.cpp; sourceTree = SOURCE_ROOT; };
		3211282C1C5D3F0D006149D8 /* barcodetabledumper.hpp */ = {isa = PBXFileReference; fileEncoding = 4; lastKnownFileType = sourcecode.cpp.h; path = barcodetabledumper.hpp; sourceTree = SOURCE_ROOT; };
		3211282F1C5D3F0D006149D8 /* bartender_extractor.cpp */ = {isa = PBXFileReference; fileEncoding = 4; lastKnownFileType = sourcecode.cpp.cpp; path = bartender_extractor.cpp; sourceTree = SOURCE_ROOT; };
		321128301C5D3F0D006149D8 /* bartender_single.cpp */ = {isa = PBXFileReference; fileEncoding = 4; lastKnownFileType = sourcecode.cpp.cpp; path = bartender_single.cpp; sourceTree = SOURCE_ROOT; };
		321128351C5D3F0D006149D8 /* centerclustermapper.cpp */ = {isa = PBXFileReference; fileEncoding = 4; lastKnownFileType = sourcecode.cpp.cpp; path = centerclustermapper.cpp; sourceTree = SOURCE_ROOT; };
		321128361C5D3F0D006149D8 /* centerclustermapper.h */ = {isa = PBXFileReference; fileEncoding = 4; lastKnownFileType = sourcecode.c.h; path = centerclustermapper.h; sourceTree = SOURCE_ROOT; };
		321128371C5D3F0D006149D8 /* centerclustermapperiterator.cpp */ = {isa = PBXFileReference; fileEncoding = 4; lastKnownFileType = sourcecode.cpp.cpp; path = centerclustermapperiterator.cpp; sourceTree = SOURCE_ROOT; };
		321128381C5D3F0D006149D8 /* centerclustermapperiterator.h */ = {isa = PBXFileReference; fileEncoding = 4; lastKnownFileType = sourcecode.c.h; path = centerclustermapperiterator.h; sourceTree = SOURCE_ROOT; };
		321128391C5D3F0D006149D8 /* centerhistogramgenerator.cpp */ = {isa = PBXFileReference; fileEncoding = 4; lastKnownFileType = sourcecode.cpp.cpp; path = centerhistogramgenerator.cpp; sourceTree = SOURCE_ROOT; };
		3211283A1C5D3F0D006149D8 /* centerhistogramgenerator.h */ = {isa = PBXFileReference; fileEncoding = 4; lastKnownFileType = sourcecode.c.h; path = centerhistogramgenerator.h; sourceTree = SOURCE_ROOT; };
		3211283B1C5D3F0D006149D8 /* centerrecalibrator.cpp */ = {isa = PBXFileReference; fileEncoding = 4; lastKnownFileType = sourcecode.cpp.cpp; path = centerrecalibrator.cpp; sourceTree = SOURCE_ROOT; };
		3211283C1C5D3F0D006149D8 /* centerrecalibrator.h */ = {isa = PBXFileReference; fileEncoding = 4; lastKnownFileType = sourcecode.c.h; path = centerrecalibrator.h; sourceTree = SOURCE_ROOT; };
		3211283D1C5D3F0D006149D8 /* centerstracker.h */ = {isa = PBXFileReference; fileEncoding = 4; lastKnownFileType = sourcecode.c.h; path = centerstracker.h; sourceTree = SOURCE_ROOT; };
		321128401C5D3F0D006149D8 /* clusteralgorithm.cpp */ = {isa = PBXFileReference; fileEncoding = 4; lastKnownFileType = sourcecode.cpp.cpp; path = clusteralgorithm.cpp; sourceTree = SOURCE_ROOT; };
		321128411C5D3F0D006149D8 /* clusteralgorithm.h */ = {isa = PBXFileReference; fileEncoding = 4; lastKnownFileType = sourcecode.c.h; path = clusteralgorithm.h; sourceTree = SOURCE_ROOT; };
		321128421C5D3F0D006149D8 /* clustercenterlinkgenerator.cpp */ = {isa = PBXFileReference; fileEncoding = 4; lastKnownFileType = sourcecode.cpp.cpp; path = clustercenterlinkgenerator.cpp; sourceTree = SOURCE_ROOT; };
		321128431C5D3F0D006149D8 /* clustercenterlinkgenerator.h */ = {isa = PBXFileReference; fileEncoding = 4; lastKnownFileType = sourcecode.c.h; path = clustercenterlinkgenerator.h; sourceTree = SOURCE_ROOT; };
		321128441C5D3F0D006149D8 /* clusteringdriver.cpp */ = {isa = PBXFileReference; fileEncoding = 4; lastKnownFileType = sourcecode.cpp.cpp; path = clusteringdriver.cpp; sourceTree = SOURCE_ROOT; };
		321128451C5D3F0D006149D8 /* clusteringdriver.hpp */ = {isa = PBXFileReference; fileEncoding = 4; lastKnownFileType = sourcecode.cpp.h; path = clusteringdriver.hpp; sourceTree = SOURCE_ROOT; };
		321128461C5D3F0D006149D8 /* clusteringwithtest.cpp */ = {isa = PBXFileReference; fileEncoding = 4; lastKnownFileType = sourcecode.cpp.cpp; path = clusteringwithtest.cpp; sourceTree = SOURCE_ROOT; };
		321128471C5D3F0D006149D8 /* clusteringwithtest.h */ = {isa = PBXFileReference; fileEncoding = 4; lastKnownFileType = sourcecode.c.h; path = clusteringwithtest.h; sourceTree = SOURCE_ROOT; };
		3211284A1C5D3F0D006149D8 /* clusterloader.cpp */ = {isa = PBXFileReference; fileEncoding = 4; lastKnownFileType = sourcecode.cpp.cpp; path = clusterloader.cpp; sourceTree = SOURCE_ROOT; };
		3211284B1C5D3F0D006149D8 /* clusterloader.h */ = {isa = PBXFileReference; fileEncoding = 4; lastKnownFileType = sourcecode.c.h; path = clusterloader.h; sourceTree = SOURCE_ROOT; };
		3211284C1C5D3F0D006149D8 /* clustermergeronesampletester.cpp */ = {isa = PBXFileReference; fileEncoding = 4; lastKnownFileType = sourcecode.cpp.cpp; path = clustermergeronesampletester.cpp; sourceTree = SOURCE_ROOT; };
		3211284D1C5D3F0D006149D8 /* clustermergeronesampletester.hpp */ = {isa = PBXFileReference; fileEncoding = 4; lastKnownFileType = sourcecode.cpp.h; path = clustermergeronesampletester.hpp; sourceTree = SOURCE_ROOT; };
		3211284E1C5D3F0D006149D8 /* clustermergerpooltester.cpp */ = {isa = PBXFileReference; fileEncoding = 4; lastKnownFileType = sourcecode.cpp.cpp; path = clustermergerpooltester.cpp; sourceTree = SOURCE_ROOT; };
		3211284F1C5D3F0D006149D8 /* clustermergerpooltester.h */ = {isa = PBXFileReference; fileEncoding = 4; lastKnownFileType = sourcecode.c.h; path = clustermergerpooltester.h; sourceTree = SOURCE_ROOT; };
		321128501C5D3F0D006149D8 /* clustermergertester.cpp */ = {isa = PBXFileReference; fileEncoding = 4; lastKnownFileType = sourcecode.cpp.cpp; path = clustermergertester.cpp; sourceTree = SOURCE_ROOT; };
		321128511C5D3F0D006149D8 /* clustermergertester.h */ = {isa = PBXFileReference; fileEncoding = 4; lastKnownFileType = sourcecode.c.h; path = clustermergertester.h; sourceTree = SOURCE_ROOT; };
		321128521C5D3F0D006149D8 /* clustermergerunpooltester.cpp */ = {isa = PBXFileReference; fileEncoding = 4; lastKnownFileType = sourcecode.cpp.cpp; path = clustermergerunpooltester.cpp; sourceTree = SOURCE_ROOT; };
		321128531C5D3F0D006149D8 /* clustermergerunpooltester.h */ = {isa = PBXFileReference; fileEncoding = 4; lastKnownFileType = sourcecode.c.h; path = clustermergerunpooltester.h; sourceTree = SOURCE_ROOT; };
		321128541C5D3F0D006149D8 /* clusteroutput.cpp */ = {isa = PBXFileReference; fileEncoding = 4; lastKnownFileType = sourcecode.cpp.cpp; path = clusteroutput.cpp; sourceTree = SOURCE_ROOT; };
		321128551C5D3F0D006149D8 /* clusteroutput.h */ = {isa = PBXFileReference; fileEncoding = 4; lastKnownFileType = sourcecode.c.h; path = clusteroutput.h; sourceTree = SOURCE_ROOT; };
		321128581C5D3F0D006149D8 /* clusterpruner.cpp */ = {isa = PBXFileReference; fileEncoding = 4; lastKnownFileType = sourcecode.cpp.cpp; path = clusterpruner.cpp; sourceTree = SOURCE_ROOT; };
		321128591C5D3F0D006149D8 /* clusterpruner.hpp */ = {isa = PBXFileReference; fileEncoding = 4; lastKnownFileType = sourcecode.cpp.h; path = clusterpruner.hpp; sourceTree = SOURCE_ROOT; };
		3211285A1C5D3F0D006149D8 /* clustersbucketer.cpp */ = {isa = PBXFileReference; fileEncoding = 4; lastKnownFileType = sourcecode.cpp.cpp; path = clustersbucketer.cpp; sourceTree = SOURCE_ROOT; };
		3211285B1C5D3F0D006149D8 /* clustersbucketer.hpp */ = {isa = PBXFileReference; fileEncoding = 4; lastKnownFileType = sourcecode.cpp.h; path = clustersbucketer.hpp; sourceTree = SOURCE_ROOT; };
		3211285C1C5D3F0D006149D8 /* clustersplitter.cpp */ = {isa = PBXFileReference; fileEncoding = 4; lastKnownFileType = sourcecode.cpp.cpp; path = clustersplitter.cpp; sourceTree = SOURCE_ROOT; };
		3211285D1C5D3F0D006149D8 /* clustersplitter.h */ = {isa = PBXFileReference; fileEncoding = 4; lastKnownFileType = sourcecode.c.h; path = clustersplitter.h; sourceTree = SOURCE_ROOT; };
		3211285E1C5D3F0D006149D8 /* clustertabledumper.cpp */ = {isa = PBXFileReference; fileEncoding = 4; lastKnownFileType = sourcecode.cpp.cpp; path = clustertabledumper.cpp; sourceTree = SOURCE_ROOT; };
		3211285F1C5D3F0D006149D8 /* clustertabledumper.hpp */ = {isa = PBXFileReference; fileEncoding = 4; lastKnownFileType = sourcecode.cpp.h; path = clustertabledumper.hpp; sourceTree = SOURCE_ROOT; };
		321128631C5D3F0D006149D8 /* csvoutput.h */ = {isa = PBXFileReference; fileEncoding = 4; lastKnownFileType = sourcecode.c.h; path = csvoutput.h; sourceTree = SOURCE_ROOT; };
		321128651C5D3F0D006149D8 /* csvreader.h */ = {isa = PBXFileReference; fileEncoding = 4; lastKnownFileType = sourcecode.c.h; path = csvreader.h; sourceTree = SOURCE_ROOT; };
		321128661C5D3F0D006149D8 /* csvtabledumper.hpp */ = {isa = PBXFileReference; fileEncoding = 4; lastKnownFileType = sourcecode.cpp.h; path = csvtabledumper.hpp; sourceTree = SOURCE_ROOT; };
		3211286B1C5D3F0D006149D8 /* distanceselector.cpp */ = {isa = PBXFileReference; fileEncoding = 4; lastKnownFileType = sourcecode.cpp.cpp; path = distanceselector.cpp; sourceTree = SOURCE_ROOT; };
		3211286C1C5D3F0D006149D8 /* distanceselector.h */ = {isa = PBXFileReference; fileEncoding = 4; lastKnownFileType = sourcecode.c.h; path = distanceselector.h; sourceTree = SOURCE_ROOT; };
		321128701C5D3F0D006149D8 /* errorrateestimator.cpp */ = {isa = PBXFileReference; fileEncoding = 4; lastKnownFileType = sourcecode.cpp.cpp; path = errorrateestimator.cpp; sourceTree = SOURCE_ROOT; };
		321128711C5D3F0D006149D8 /* errorrateestimator.h */ = {isa = PBXFileReference; fileEncoding = 4; lastKnownFileType = sourcecode.c.h; path = errorrateestimator.h; sourceTree = SOURCE_ROOT; };
		321128721C5D3F0D006149D8 /* fastapattern.cpp */ = {isa = PBXFileReference; fileEncoding = 4; lastKnownFileType = sourcecode.cpp.cpp; path = fastapattern.cpp; sourceTree = SOURCE_ROOT; };
		321128731C5D3F0D006149D8 /* fastapattern.h */ = {isa = PBXFileReference; fileEncoding = 4; lastKnownFileType = sourcecode.c.h; path = fastapattern.h; sourceTree = SOURCE_ROOT; };
		321128741C5D3F0D006149D8 /* fastqpattern.cpp */ = {isa = PBXFileReference; fileEncoding = 4; lastKnownFileType = sourcecode.cpp.cpp; path = fastqpattern.cpp; sourceTree = SOURCE_ROOT; };
		321128751C5D3F0D006149D8 /* fastqpattern.h */ = {isa = PBXFileReference; fileEncoding = 4; lastKnownFileType = sourcecode.c.h; path = fastqpattern.h; sourceTree = SOURCE_ROOT; };
		321128761C5D3F0D006149D8 /* filebuf.h */ = {isa = PBXFileReference; fileEncoding = 4; lastKnownFileType = sourcecode.c.h; path = filebuf.h; sourceTree = SOURCE_ROOT; };
		321128771C5D3F0D006149D8 /* formats.h */ = {isa = PBXFileReference; fileEncoding = 4; lastKnownFileType = sourcecode.c.h; path = formats.h; sourceTree = SOURCE_ROOT; };
		321128781C5D3F0D006149D8 /* hypothesistester.cpp */ = {isa = PBXFileReference; fileEncoding = 4; lastKnownFileType = sourcecode.cpp.cpp; path = hypothesistester.cpp; sourceTree = SOURCE_ROOT; };
		321128791C5D3F0D006149D8 /* hypothesistester.h */ = {isa = PBXFileReference; fileEncoding = 4; lastKnownFileType = sourcecode.c.h; path = hypothesistester.h; sourceTree = SOURCE_ROOT; };
		3211287A1C5D3F0D006149D8 /* idgenerator.cpp */ = {isa = PBXFileReference; fileEncoding = 4; lastKnownFileType = sourcecode.cpp.cpp; path = idgenerator.cpp; sourceTree = SOURCE_ROOT; };
		3211287B1C5D3F0D006149D8 /* idgenerator.h */ = {isa = PBXFileReference; fileEncoding = 4; lastKnownFileType = sourcecode.c.h; path = idgenerator.h; sourceTree = SOURCE_ROOT; };
		3211287C1C5D3F0D006149D8 /* inputprocessor.hpp */ = {isa = PBXFileReference; fileEncoding = 4; lastKnownFileType = sourcecode.cpp.h; path = inputprocessor.hpp; sourceTree = SOURCE_ROOT; };
		3211287F1C5D3F0D006149D8 /* kmerdecoder.cpp */ = {isa = PBXFileReference; fileEncoding = 4; lastKnownFileType = sourcecode.cpp.cpp; path = kmerdecoder.cpp; sourceTree = SOURCE_ROOT; };
		321128801C5D3F0D006149D8 /* kmerdecoder.hpp */ = {isa = PBXFileReference; fileEncoding = 4; lastKnownFileType = sourcecode.cpp.h; path = kmerdecoder.hpp; sourceTree = SOURCE_ROOT; };
		321128831C5D3F0D006149D8 /* kmers_bitwisetransform.cpp */ = {isa = PBXFileReference; fileEncoding = 4; lastKnownFileType = sourcecode.cpp.cpp; path = kmers_bitwisetransform.cpp; sourceTree = SOURCE_ROOT; };
		321128841C5D3F0D006149D8 /* kmers_bitwisetransform.h */ = {isa = PBXFileReference; fileEncoding = 4; lastKnownFileType = sourcecode.c.h; path = kmers_bitwisetransform.h; sourceTree = SOURCE_ROOT; };
		321128851C5D3F0D006149D8 /* kmers_dictionary.cpp */ = {isa = PBXFileReference; fileEncoding = 4; lastKnownFileType = sourcecode.cpp.cpp; path = kmers_dictionary.cpp; sourceTree = SOURCE_ROOT; };
		321128861C5D3F0D006149D8 /* kmers_dictionary.h */ = {isa = PBXFileReference; fileEncoding = 4; lastKnownFileType = sourcecode.c.h; path = kmers_dictionary.h; sourceTree = SOURCE_ROOT; };
		321128871C5D3F0D006149D8 /* lockfreequeue.h */ = {isa = PBXFileReference; fileEncoding = 4; lastKnownFileType = sourcecode.c.h; path = lockfreequeue.h; sourceTree = SOURCE_ROOT; };
		321128891C5D3F0D006149D8 /* meanestimator.cpp */ = {isa = PBXFileReference; fileEncoding = 4; lastKnownFileType = sourcecode.cpp.cpp; path = meanestimator.cpp; sourceTree = SOURCE_ROOT; };
		3211288A1C5D3F0D006149D8 /* meanestimator.hpp */ = {isa = PBXFileReference; fileEncoding = 4; lastKnownFileType = sourcecode.cpp.h; path = meanestimator.hpp; sourceTree = SOURCE_ROOT; };
		3211288B1C5D3F0D006149D8 /* meansequentialestimator.cpp */ = {isa = PBXFileReference; fileEncoding = 4; lastKnownFileType = sourcecode.cpp.cpp; path = meansequentialestimator.cpp; sourceTree = SOURCE_ROOT; };
		3211288C1C5D3F0D006149D8 /* meansequentialestimator.h */ = {isa = PBXFileReference; fileEncoding = 4; lastKnownFileType = sourcecode.c.h; path = meansequentialestimator.h; sourceTree = SOURCE_ROOT; };
		3211288D1C5D3F0D006149D8 /* mergebycenters.cpp */ = {isa = PBXFileReference; fileEncoding = 4; lastKnownFileType = sourcecode.cpp.cpp; path = mergebycenters.cpp; sourceTree = SOURCE_ROOT; };
		3211288E1C5D3F0D006149D8 /* mergebycenters.h */ = {isa = PBXFileReference; fileEncoding = 4; lastKnownFileType = sourcecode.c.h; path = mergebycenters.h; sourceTree = SOURCE_ROOT; };
		3211288F1C5D3F0D006149D8 /* minicsv.h */ = {isa = PBXFileReference; fileEncoding = 4; lastKnownFileType = sourcecode.c.h; path = minicsv.h; sourceTree = SOURCE_ROOT; };
		321128901C5D3F0D006149D8 /* mixturebptester.cpp */ = {isa = PBXFileReference; fileEncoding = 4; lastKnownFileType = sourcecode.cpp.cpp; path = mixturebptester.cpp; sourceTree = SOURCE_ROOT; };
		321128911C5D3F0D006149D8 /* mixturebptester.h */ = {isa = PBXFileReference; fileEncoding = 4; lastKnownFileType = sourcecode.c.h; path = mixturebptester.h; sourceTree = SOURCE_ROOT; };
		321128921C5D3F0D006149D8 /* multipletimepointsprocessor.cpp */ = {isa = PBXFileReference; fileEncoding = 4; lastKnownFileType = sourcecode.cpp.cpp; path = multipletimepointsprocessor.cpp; sourceTree = SOURCE_ROOT; };
		321128931C5D3F0D006149D8 /* multipletimepointsprocessor.h */ = {isa = PBXFileReference; fileEncoding = 4; lastKnownFileType = sourcecode.c.h; path = multipletimepointsprocessor.h; sourceTree = SOURCE_ROOT; };
		321128941C5D3F0D006149D8 /* oneproportiontest.cpp */ = {isa = PBXFileReference; fileEncoding = 4; lastKnownFileType = sourcecode.cpp.cpp; path = oneproportiontest.cpp; sourceTree = SOURCE_ROOT; };
		321128951C5D3F0D006149D8 /* oneproportiontest.hpp */ = {isa = PBXFileReference; fileEncoding = 4; lastKnownFileType = sourcecode.cpp.h; path = oneproportiontest.hpp; sourceTree = SOURCE_ROOT; };
		321128961C5D3F0D006149D8 /* pattern.cpp */ = {isa = PBXFileReference; fileEncoding = 4; lastKnownFileType = sourcecode.cpp.cpp; path = pattern.cpp; sourceTree = SOURCE_ROOT; };
		321128971C5D3F0D006149D8 /* pattern.h */ = {isa = PBXFileReference; fileEncoding = 4; lastKnownFileType = sourcecode.c.h; path = pattern.h; sourceTree = SOURCE_ROOT; };
		321128981C5D3F0D006149D8 /* patternparser.h */ = {isa = PBXFileReference; fileEncoding = 4; lastKnownFileType = sourcecode.c.h; path = patternparser.h; sourceTree = SOURCE_ROOT; };
		321128991C5D3F0D006149D8 /* pcrprocessor.cpp */ = {isa = PBXFileReference; fileEncoding = 4; lastKnownFileType = sourcecode.cpp.cpp; path = pcrprocessor.cpp; sourceTree = SOURCE_ROOT; };
		3211289A1C5D3F0D006149D8 /* pcrprocessor.hpp */ = {isa = PBXFileReference; fileEncoding = 4; lastKnownFileType = sourcecode.cpp.h; path = pcrprocessor.hpp; sourceTree = SOURCE_ROOT; };
		3211289B1C5D3F0D006149D8 /* proportionpooltest.cpp */ = {isa = PBXFileReference; fileEncoding = 4; lastKnownFileType = sourcecode.cpp.cpp; path = proportionpooltest.cpp; sourceTree = SOURCE_ROOT; };
		3211289C1C5D3F0D006149D8 /* proportionpooltest.h */ = {isa = PBXFileReference; fileEncoding = 4; lastKnownFileType = sourcecode.c.h; path = proportionpooltest.h; sourceTree = SOURCE_ROOT; };
		3211289D1C5D3F0D006149D8 /* proportiontest.cpp */ = {isa = PBXFileReference; fileEncoding = 4; lastKnownFileType = sourcecode.cpp.cpp; path = proportiontest.cpp; sourceTree = SOURCE_ROOT; };
		3211289E1C5D3F0D006149D8 /* proportiontest.h */ = {isa = PBXFileReference; fileEncoding = 4; lastKnownFileType = sourcecode.c.h; path = proportiontest.h; sourceTree = SOURCE_ROOT; };
		3211289F1C5D3F0D006149D8 /* qualitytabledumper.cpp */ = {isa = PBXFileReference; fileEncoding = 4; lastKnownFileType = sourcecode.cpp.cpp; path = qualitytabledumper.cpp; sourceTree = SOURCE_ROOT; };
		321128A01C5D3F0D006149D8 /* qualitytabledumper.hpp */ = {isa = PBXFileReference; fileEncoding = 4; lastKnownFileType = sourcecode.cpp.h; path = qualitytabledumper.hpp; sourceTree = SOURCE_ROOT; };
		321128A11C5D3F0D006149D8 /* rawbarcodeloader.cpp */ = {isa = PBXFileReference; fileEncoding = 4; lastKnownFileType = sourcecode.cpp.cpp; path = rawbarcodeloader.cpp; sourceTree = SOURCE_ROOT; };
		321128A21C5D3F0D006149D8 /* rawbarcodeloader.hpp */ = {isa = PBXFileReference; fileEncoding = 4; lastKnownFileType = sourcecode.cpp.h; path = rawbarcodeloader.hpp; sourceTree = SOURCE_ROOT; };
		321128A71C5D3F0D006149D8 /* rawreadsprocessor.cpp */ = {isa = PBXFileReference; fileEncoding = 4; lastKnownFileType = sourcecode.cpp.cpp; path = rawreadsprocessor.cpp; sourceTree = SOURCE_ROOT; };
		321128A81C5D3F0D006149D8 /* rawreadsprocessor.hpp */ = {isa = PBXFileReference; fileEncoding = 4; lastKnownFileType = sourcecode.cpp.h; path = rawreadsprocessor.hpp; sourceTree = SOURCE_ROOT; };
		321128AB1C5D3F0D006149D8 /* seedselector.cpp */ = {isa = PBXFileReference; fileEncoding = 4; lastKnownFileType = sourcecode.cpp.cpp; path = seedselector.cpp; sourceTree = SOURCE_ROOT; };
		321128AC1C5D3F0D006149D8 /* seedselector.hpp */ = {isa = PBXFileReference; fileEncoding = 4; lastKnownFileType = sourcecode.cpp.h; path = seedselector.hpp; sourceTree = SOURCE_ROOT; };
		321128AF1C5D3F0D006149D8 /* sequencecounter.cpp */ = {isa = PBXFileReference; fileEncoding = 4; lastKnownFileType = sourcecode.cpp.cpp; path = sequencecounter.cpp; sourceTree = SOURCE_ROOT; };
		321128B01C5D3F0D006149D8 /* sequencecounter.hpp */ = {isa = PBXFileReference; fileEncoding = 4; lastKnownFileType = sourcecode.cpp.h; path = sequencecounter.hpp; sourceTree = SOURCE_ROOT; };
		321128B11C5D3F0D006149D8 /* sequenceencoder.hpp */ = {isa = PBXFileReference; fileEncoding = 4; lastKnownFileType = sourcecode.cpp.h; path = sequenceencoder.hpp; sourceTree = SOURCE_ROOT; };
		321128B91C5D3F0D006149D8 /* singlereadsprocessor.cpp */ = {isa = PBXFileReference; fileEncoding = 4; lastKnownFileType = sourcecode.cpp.cpp; path = singlereadsprocessor.cpp; sourceTree = SOURCE_ROOT; };
		321128BA1C5D3F0D006149D8 /* singlereadsprocessor.hpp */ = {isa = PBXFileReference; fileEncoding = 4; lastKnownFileType = sourcecode.cpp.h; path = singlereadsprocessor.hpp; sourceTree = SOURCE_ROOT; };
		321128C11C5D3F0D006149D8 /* split_util.h */ = {isa = PBXFileReference; fileEncoding = 4; lastKnownFileType = sourcecode.c.h; path = split_util.h; sourceTree = SOURCE_ROOT; };
		321128C31C5D3F0D006149D8 /* tablerecord.hpp */ = {isa = PBXFileReference; fileEncoding = 4; lastKnownFileType = sourcecode.cpp.h; path = tablerecord.hpp; sourceTree = SOURCE_ROOT; };
		321128C41C5D3F0D006149D8 /* testSimulation.cpp */ = {isa = PBXFileReference; fileEncoding = 4; lastKnownFileType = sourcecode.cpp.cpp; path = testSimulation.cpp; sourceTree = SOURCE_ROOT; };
		321128C51C5D3F0D006149D8 /* testSimulation.h */ = {isa = PBXFileReference; fileEncoding = 4; lastKnownFileType = sourcecode.c.h; path = testSimulation.h; sourceTree = SOURCE_ROOT; };
		321128C61C5D3F0D006149D8 /* timepointsmerger.cpp */ = {isa = PBXFileReference; fileEncoding = 4; lastKnownFileType = sourcecode.cpp.cpp; path = timepointsmerger.cpp; sourceTree = SOURCE_ROOT; };
		321128C71C5D3F0D006149D8 /* timepointsmerger.h */ = {isa = PBXFileReference; fileEncoding = 4; lastKnownFileType = sourcecode.c.h; path = timepointsmerger.h; sourceTree = SOURCE_ROOT; };
		321128C81C5D3F0D006149D8 /* timer.h */ = {isa = PBXFileReference; fileEncoding = 4; lastKnownFileType = sourcecode.c.h; path = timer.h; sourceTree = SOURCE_ROOT; };
		321128C91C5D3F0D006149D8 /* typdefine.h */ = {isa = PBXFileReference; fileEncoding = 4; lastKnownFileType = sourcecode.c.h; path = typdefine.h; sourceTree = SOURCE_ROOT; };
		321128CA1C5D3F0D006149D8 /* util.cpp */ = {isa = PBXFileReference; fileEncoding = 4; lastKnownFileType = sourcecode.cpp.cpp; path = util.cpp; sourceTree = SOURCE_ROOT; };
		321128CB1C5D3F0D006149D8 /* util.h */ = {isa = PBXFileReference; fileEncoding = 4; lastKnownFileType = sourcecode.c.h; path = util.h; sourceTree = SOURCE_ROOT; };
		3211291C1C5D4290006149D8 /* barcodeextractor.cpp */ = {isa = PBXFileReference; fileEncoding = 4; lastKnownFileType = sourcecode.cpp.cpp; path = barcodeextractor.cpp; sourceTree = "<group>"; };
		3211291D1C5D4290006149D8 /* barcodeextractor.h */ = {isa = PBXFileReference; fileEncoding = 4; lastKnownFileType = sourcecode.c.h; path = barcodeextractor.h; sourceTree = "<group>"; };
		3211291F1C5D470D006149D8 /* sequence.cpp */ = {isa = PBXFileReference; fileEncoding = 4; lastKnownFileType = sourcecode.cpp.cpp; path = sequence.cpp; sourceTree = "<group>"; };
		321129201C5D470D006149D8 /* sequence.h */ = {isa = PBXFileReference; fileEncoding = 4; lastKnownFileType = sourcecode.c.h; path = sequence.h; sourceTree = "<group>"; };
		321129221C5D4787006149D8 /* threadwrapper.cpp */ = {isa = PBXFileReference; fileEncoding = 4; lastKnownFileType = sourcecode.cpp.cpp; path = threadwrapper.cpp; sourceTree = "<group>"; };
		321129231C5D4787006149D8 /* threadwrapper.hpp */ = {isa = PBXFileReference; fileEncoding = 4; lastKnownFileType = sourcecode.cpp.h; path = threadwrapper.hpp; sourceTree = "<group>"; };
		321129251C5D4A53006149D8 /* clusterThreadBatcher.cpp */ = {isa = PBXFileReference; fileEncoding = 4; lastKnownFileType = sourcecode.cpp.cpp; path = clusterThreadBatcher.cpp; sourceTree = "<group>"; };
		321129261C5D4A53006149D8 /* clusterThreadBatcher.hpp */ = {isa = PBXFileReference; fileEncoding = 4; lastKnownFileType = sourcecode.cpp.h; path = clusterThreadBatcher.hpp; sourceTree = "<group>"; };
		326E72191C8225DE004C2686 /* errorestimator.cpp */ = {isa = PBXFileReference; fileEncoding = 4; lastKnownFileType = sourcecode.cpp.cpp; path = errorestimator.cpp; sourceTree = "<group>"; };
		326E721A1C8225DE004C2686 /* errorestimator.hpp */ = {isa = PBXFileReference; fileEncoding = 4; lastKnownFileType = sourcecode.cpp.h; path = errorestimator.hpp; sourceTree = "<group>"; };
		326E721C1C8237A0004C2686 /* barcodepoolstatistics.cpp */ = {isa = PBXFileReference; fileEncoding = 4; lastKnownFileType = sourcecode.cpp.cpp; path = barcodepoolstatistics.cpp; sourceTree = "<group>"; };
		326E721D1C8237A0004C2686 /* barcodepoolstatistics.hpp */ = {isa = PBXFileReference; fileEncoding = 4; lastKnownFileType = sourcecode.cpp.h; path = barcodepoolstatistics.hpp; sourceTree = "<group>"; };
/* End PBXFileReference section */

/* Begin PBXFrameworksBuildPhase section */
		3211280F1C5D3EBB006149D8 /* Frameworks */ = {
			isa = PBXFrameworksBuildPhase;
			buildActionMask = 2147483647;
			files = (
			);
			runOnlyForDeploymentPostprocessing = 0;
		};
/* End PBXFrameworksBuildPhase section */

/* Begin PBXGroup section */
		321128091C5D3EBB006149D8 = {
			isa = PBXGroup;
			children = (
				326E721C1C8237A0004C2686 /* barcodepoolstatistics.cpp */,
				326E721D1C8237A0004C2686 /* barcodepoolstatistics.hpp */,
				326E72191C8225DE004C2686 /* errorestimator.cpp */,
				326E721A1C8225DE004C2686 /* errorestimator.hpp */,
				321129251C5D4A53006149D8 /* clusterThreadBatcher.cpp */,
				321129261C5D4A53006149D8 /* clusterThreadBatcher.hpp */,
				321129221C5D4787006149D8 /* threadwrapper.cpp */,
				321129231C5D4787006149D8 /* threadwrapper.hpp */,
				3211291F1C5D470D006149D8 /* sequence.cpp */,
				321129201C5D470D006149D8 /* sequence.h */,
				3211291C1C5D4290006149D8 /* barcodeextractor.cpp */,
				3211291D1C5D4290006149D8 /* barcodeextractor.h */,
				321128141C5D3EBB006149D8 /* barcode_project */,
				321128131C5D3EBB006149D8 /* Products */,
			);
			sourceTree = "<group>";
		};
		321128131C5D3EBB006149D8 /* Products */ = {
			isa = PBXGroup;
			children = (
				321128121C5D3EBB006149D8 /* barcode_project */,
			);
			name = Products;
			sourceTree = "<group>";
		};
		321128141C5D3EBB006149D8 /* barcode_project */ = {
			isa = PBXGroup;
			children = (
				3211281C1C5D3F0D006149D8 /* assert_helpers.h */,
				3211281D1C5D3F0D006149D8 /* barcodecluster.cpp */,
				3211281E1C5D3F0D006149D8 /* barcodecluster.hpp */,
				321128251C5D3F0D006149D8 /* barcodeindexer.cpp */,
				321128261C5D3F0D006149D8 /* barcodeindexer.hpp */,
				321128271C5D3F0D006149D8 /* barcodemutationgenerator.cpp */,
				321128281C5D3F0D006149D8 /* barcodemutationgenerator.h */,
				321128291C5D3F0D006149D8 /* barcodepool.cpp */,
				3211282A1C5D3F0D006149D8 /* barcodepool.hpp */,
				3211282B1C5D3F0D006149D8 /* barcodetabledumper.cpp */,
				3211282C1C5D3F0D006149D8 /* barcodetabledumper.hpp */,
				3211282F1C5D3F0D006149D8 /* bartender_extractor.cpp */,
				321128301C5D3F0D006149D8 /* bartender_single.cpp */,
				321128351C5D3F0D006149D8 /* centerclustermapper.cpp */,
				321128361C5D3F0D006149D8 /* centerclustermapper.h */,
				321128371C5D3F0D006149D8 /* centerclustermapperiterator.cpp */,
				321128381C5D3F0D006149D8 /* centerclustermapperiterator.h */,
				321128391C5D3F0D006149D8 /* centerhistogramgenerator.cpp */,
				3211283A1C5D3F0D006149D8 /* centerhistogramgenerator.h */,
				3211283B1C5D3F0D006149D8 /* centerrecalibrator.cpp */,
				3211283C1C5D3F0D006149D8 /* centerrecalibrator.h */,
				3211283D1C5D3F0D006149D8 /* centerstracker.h */,
				321128401C5D3F0D006149D8 /* clusteralgorithm.cpp */,
				321128411C5D3F0D006149D8 /* clusteralgorithm.h */,
				321128421C5D3F0D006149D8 /* clustercenterlinkgenerator.cpp */,
				321128431C5D3F0D006149D8 /* clustercenterlinkgenerator.h */,
				321128441C5D3F0D006149D8 /* clusteringdriver.cpp */,
				321128451C5D3F0D006149D8 /* clusteringdriver.hpp */,
				321128461C5D3F0D006149D8 /* clusteringwithtest.cpp */,
				321128471C5D3F0D006149D8 /* clusteringwithtest.h */,
				3211284A1C5D3F0D006149D8 /* clusterloader.cpp */,
				3211284B1C5D3F0D006149D8 /* clusterloader.h */,
				3211284C1C5D3F0D006149D8 /* clustermergeronesampletester.cpp */,
				3211284D1C5D3F0D006149D8 /* clustermergeronesampletester.hpp */,
				3211284E1C5D3F0D006149D8 /* clustermergerpooltester.cpp */,
				3211284F1C5D3F0D006149D8 /* clustermergerpooltester.h */,
				321128501C5D3F0D006149D8 /* clustermergertester.cpp */,
				321128511C5D3F0D006149D8 /* clustermergertester.h */,
				321128521C5D3F0D006149D8 /* clustermergerunpooltester.cpp */,
				321128531C5D3F0D006149D8 /* clustermergerunpooltester.h */,
				321128541C5D3F0D006149D8 /* clusteroutput.cpp */,
				321128551C5D3F0D006149D8 /* clusteroutput.h */,
				321128581C5D3F0D006149D8 /* clusterpruner.cpp */,
				321128591C5D3F0D006149D8 /* clusterpruner.hpp */,
				3211285A1C5D3F0D006149D8 /* clustersbucketer.cpp */,
				3211285B1C5D3F0D006149D8 /* clustersbucketer.hpp */,
				3211285C1C5D3F0D006149D8 /* clustersplitter.cpp */,
				3211285D1C5D3F0D006149D8 /* clustersplitter.h */,
				3211285E1C5D3F0D006149D8 /* clustertabledumper.cpp */,
				3211285F1C5D3F0D006149D8 /* clustertabledumper.hpp */,
				321128631C5D3F0D006149D8 /* csvoutput.h */,
				321128651C5D3F0D006149D8 /* csvreader.h */,
				321128661C5D3F0D006149D8 /* csvtabledumper.hpp */,
				3211286B1C5D3F0D006149D8 /* distanceselector.cpp */,
				3211286C1C5D3F0D006149D8 /* distanceselector.h */,
				321128701C5D3F0D006149D8 /* errorrateestimator.cpp */,
				321128711C5D3F0D006149D8 /* errorrateestimator.h */,
				321128721C5D3F0D006149D8 /* fastapattern.cpp */,
				321128731C5D3F0D006149D8 /* fastapattern.h */,
				321128741C5D3F0D006149D8 /* fastqpattern.cpp */,
				321128751C5D3F0D006149D8 /* fastqpattern.h */,
				321128761C5D3F0D006149D8 /* filebuf.h */,
				321128771C5D3F0D006149D8 /* formats.h */,
				321128781C5D3F0D006149D8 /* hypothesistester.cpp */,
				321128791C5D3F0D006149D8 /* hypothesistester.h */,
				3211287A1C5D3F0D006149D8 /* idgenerator.cpp */,
				3211287B1C5D3F0D006149D8 /* idgenerator.h */,
				3211287C1C5D3F0D006149D8 /* inputprocessor.hpp */,
				3211287F1C5D3F0D006149D8 /* kmerdecoder.cpp */,
				321128801C5D3F0D006149D8 /* kmerdecoder.hpp */,
				321128831C5D3F0D006149D8 /* kmers_bitwisetransform.cpp */,
				321128841C5D3F0D006149D8 /* kmers_bitwisetransform.h */,
				321128851C5D3F0D006149D8 /* kmers_dictionary.cpp */,
				321128861C5D3F0D006149D8 /* kmers_dictionary.h */,
				321128871C5D3F0D006149D8 /* lockfreequeue.h */,
				321128891C5D3F0D006149D8 /* meanestimator.cpp */,
				3211288A1C5D3F0D006149D8 /* meanestimator.hpp */,
				3211288B1C5D3F0D006149D8 /* meansequentialestimator.cpp */,
				3211288C1C5D3F0D006149D8 /* meansequentialestimator.h */,
				3211288D1C5D3F0D006149D8 /* mergebycenters.cpp */,
				3211288E1C5D3F0D006149D8 /* mergebycenters.h */,
				3211288F1C5D3F0D006149D8 /* minicsv.h */,
				321128901C5D3F0D006149D8 /* mixturebptester.cpp */,
				321128911C5D3F0D006149D8 /* mixturebptester.h */,
				321128921C5D3F0D006149D8 /* multipletimepointsprocessor.cpp */,
				321128931C5D3F0D006149D8 /* multipletimepointsprocessor.h */,
				321128941C5D3F0D006149D8 /* oneproportiontest.cpp */,
				321128951C5D3F0D006149D8 /* oneproportiontest.hpp */,
				321128961C5D3F0D006149D8 /* pattern.cpp */,
				321128971C5D3F0D006149D8 /* pattern.h */,
				321128981C5D3F0D006149D8 /* patternparser.h */,
				321128991C5D3F0D006149D8 /* pcrprocessor.cpp */,
				3211289A1C5D3F0D006149D8 /* pcrprocessor.hpp */,
				3211289B1C5D3F0D006149D8 /* proportionpooltest.cpp */,
				3211289C1C5D3F0D006149D8 /* proportionpooltest.h */,
				3211289D1C5D3F0D006149D8 /* proportiontest.cpp */,
				3211289E1C5D3F0D006149D8 /* proportiontest.h */,
				3211289F1C5D3F0D006149D8 /* qualitytabledumper.cpp */,
				321128A01C5D3F0D006149D8 /* qualitytabledumper.hpp */,
				321128A11C5D3F0D006149D8 /* rawbarcodeloader.cpp */,
				321128A21C5D3F0D006149D8 /* rawbarcodeloader.hpp */,
				321128A71C5D3F0D006149D8 /* rawreadsprocessor.cpp */,
				321128A81C5D3F0D006149D8 /* rawreadsprocessor.hpp */,
				321128AB1C5D3F0D006149D8 /* seedselector.cpp */,
				321128AC1C5D3F0D006149D8 /* seedselector.hpp */,
				321128AF1C5D3F0D006149D8 /* sequencecounter.cpp */,
				321128B01C5D3F0D006149D8 /* sequencecounter.hpp */,
				321128B11C5D3F0D006149D8 /* sequenceencoder.hpp */,
				321128B91C5D3F0D006149D8 /* singlereadsprocessor.cpp */,
				321128BA1C5D3F0D006149D8 /* singlereadsprocessor.hpp */,
				321128C11C5D3F0D006149D8 /* split_util.h */,
				321128C31C5D3F0D006149D8 /* tablerecord.hpp */,
				321128C41C5D3F0D006149D8 /* testSimulation.cpp */,
				321128C51C5D3F0D006149D8 /* testSimulation.h */,
				321128C61C5D3F0D006149D8 /* timepointsmerger.cpp */,
				321128C71C5D3F0D006149D8 /* timepointsmerger.h */,
				321128C81C5D3F0D006149D8 /* timer.h */,
				321128C91C5D3F0D006149D8 /* typdefine.h */,
				321128CA1C5D3F0D006149D8 /* util.cpp */,
				321128CB1C5D3F0D006149D8 /* util.h */,
			);
			path = barcode_project;
			sourceTree = "<group>";
		};
/* End PBXGroup section */

/* Begin PBXNativeTarget section */
		321128111C5D3EBB006149D8 /* barcode_project */ = {
			isa = PBXNativeTarget;
			buildConfigurationList = 321128191C5D3EBB006149D8 /* Build configuration list for PBXNativeTarget "barcode_project" */;
			buildPhases = (
				3211280E1C5D3EBB006149D8 /* Sources */,
				3211280F1C5D3EBB006149D8 /* Frameworks */,
				321128101C5D3EBB006149D8 /* CopyFiles */,
			);
			buildRules = (
			);
			dependencies = (
			);
			name = barcode_project;
			productName = barcode_project;
			productReference = 321128121C5D3EBB006149D8 /* barcode_project */;
			productType = "com.apple.product-type.tool";
		};
/* End PBXNativeTarget section */

/* Begin PBXProject section */
		3211280A1C5D3EBB006149D8 /* Project object */ = {
			isa = PBXProject;
			attributes = {
				KnownAssetTags = (
					New,
				);
				LastUpgradeCheck = 0720;
				ORGANIZATIONNAME = luzhao;
				TargetAttributes = {
					321128111C5D3EBB006149D8 = {
						CreatedOnToolsVersion = 7.2;
					};
				};
			};
			buildConfigurationList = 3211280D1C5D3EBB006149D8 /* Build configuration list for PBXProject "barcode_project" */;
			compatibilityVersion = "Xcode 3.2";
			developmentRegion = English;
			hasScannedForEncodings = 0;
			knownRegions = (
				en,
			);
			mainGroup = 321128091C5D3EBB006149D8;
			productRefGroup = 321128131C5D3EBB006149D8 /* Products */;
			projectDirPath = "";
			projectRoot = "";
			targets = (
				321128111C5D3EBB006149D8 /* barcode_project */,
			);
		};
/* End PBXProject section */

/* Begin PBXSourcesBuildPhase section */
		3211280E1C5D3EBB006149D8 /* Sources */ = {
			isa = PBXSourcesBuildPhase;
			buildActionMask = 2147483647;
			files = (
				321128EA1C5D3F0D006149D8 /* clusterpruner.cpp in Sources */,
				321129241C5D4787006149D8 /* threadwrapper.cpp in Sources */,
				3211291B1C5D3F0D006149D8 /* util.cpp in Sources */,
				321128E31C5D3F0D006149D8 /* clusterloader.cpp in Sources */,
				321128DC1C5D3F0D006149D8 /* centerrecalibrator.cpp in Sources */,
				321129071C5D3F0D006149D8 /* pcrprocessor.cpp in Sources */,
				321128F81C5D3F0D006149D8 /* hypothesistester.cpp in Sources */,
				321128E71C5D3F0D006149D8 /* clustermergerunpooltester.cpp in Sources */,
				326E721E1C8237A0004C2686 /* barcodepoolstatistics.cpp in Sources */,
				321128D51C5D3F0D006149D8 /* bartender_extractor.cpp in Sources */,
				321128E81C5D3F0D006149D8 /* clusteroutput.cpp in Sources */,
				321128FE1C5D3F0D006149D8 /* kmers_dictionary.cpp in Sources */,
				321129041C5D3F0D006149D8 /* multipletimepointsprocessor.cpp in Sources */,
				321129121C5D3F0D006149D8 /* sequencecounter.cpp in Sources */,
				321129271C5D4A53006149D8 /* clusterThreadBatcher.cpp in Sources */,
				321129091C5D3F0D006149D8 /* proportiontest.cpp in Sources */,
				321128ED1C5D3F0D006149D8 /* clustertabledumper.cpp in Sources */,
				321128EC1C5D3F0D006149D8 /* clustersplitter.cpp in Sources */,
				321128E41C5D3F0D006149D8 /* clustermergeronesampletester.cpp in Sources */,
				321129191C5D3F0D006149D8 /* testSimulation.cpp in Sources */,
				321128DB1C5D3F0D006149D8 /* centerhistogramgenerator.cpp in Sources */,
				321128D61C5D3F0D006149D8 /* bartender_single.cpp in Sources */,
				321128F91C5D3F0D006149D8 /* idgenerator.cpp in Sources */,
				321128E11C5D3F0D006149D8 /* clusteringwithtest.cpp in Sources */,
				321128DA1C5D3F0D006149D8 /* centerclustermapperiterator.cpp in Sources */,
				321128D01C5D3F0D006149D8 /* barcodeindexer.cpp in Sources */,
				321128D31C5D3F0D006149D8 /* barcodetabledumper.cpp in Sources */,
				321129061C5D3F0D006149D8 /* pattern.cpp in Sources */,
				321128F71C5D3F0D006149D8 /* fastqpattern.cpp in Sources */,
				321128D21C5D3F0D006149D8 /* barcodepool.cpp in Sources */,
				3211290B1C5D3F0D006149D8 /* rawbarcodeloader.cpp in Sources */,
				321128DF1C5D3F0D006149D8 /* clustercenterlinkgenerator.cpp in Sources */,
				321128CC1C5D3F0D006149D8 /* barcodecluster.cpp in Sources */,
				321128D91C5D3F0D006149D8 /* centerclustermapper.cpp in Sources */,
				326E721B1C8225DE004C2686 /* errorestimator.cpp in Sources */,
				321128FB1C5D3F0D006149D8 /* kmerdecoder.cpp in Sources */,
				3211290A1C5D3F0D006149D8 /* qualitytabledumper.cpp in Sources */,
				321129151C5D3F0D006149D8 /* singlereadsprocessor.cpp in Sources */,
				3211291A1C5D3F0D006149D8 /* timepointsmerger.cpp in Sources */,
				3211291E1C5D4290006149D8 /* barcodeextractor.cpp in Sources */,
				321128F61C5D3F0D006149D8 /* fastapattern.cpp in Sources */,
				321129031C5D3F0D006149D8 /* mixturebptester.cpp in Sources */,
				3211290E1C5D3F0D006149D8 /* rawreadsprocessor.cpp in Sources */,
				321128E01C5D3F0D006149D8 /* clusteringdriver.cpp in Sources */,
				321129001C5D3F0D006149D8 /* meanestimator.cpp in Sources */,
				321128FD1C5D3F0D006149D8 /* kmers_bitwisetransform.cpp in Sources */,
				321128D11C5D3F0D006149D8 /* barcodemutationgenerator.cpp in Sources */,
				321129101C5D3F0D006149D8 /* seedselector.cpp in Sources */,
				321129051C5D3F0D006149D8 /* oneproportiontest.cpp in Sources */,
				321128DE1C5D3F0D006149D8 /* clusteralgorithm.cpp in Sources */,
				321129211C5D470D006149D8 /* sequence.cpp in Sources */,
				321128EB1C5D3F0D006149D8 /* clustersbucketer.cpp in Sources */,
				321129081C5D3F0D006149D8 /* proportionpooltest.cpp in Sources */,
				321129021C5D3F0D006149D8 /* mergebycenters.cpp in Sources */,
				321128E51C5D3F0D006149D8 /* clustermergerpooltester.cpp in Sources */,
				321128E61C5D3F0D006149D8 /* clustermergertester.cpp in Sources */,
				321128F31C5D3F0D006149D8 /* distanceselector.cpp in Sources */,
				321129011C5D3F0D006149D8 /* meansequentialestimator.cpp in Sources */,
				321128F51C5D3F0D006149D8 /* errorrateestimator.cpp in Sources */,
			);
			runOnlyForDeploymentPostprocessing = 0;
		};
/* End PBXSourcesBuildPhase section */

/* Begin XCBuildConfiguration section */
		321128171C5D3EBB006149D8 /* Debug */ = {
			isa = XCBuildConfiguration;
			buildSettings = {
				ALWAYS_SEARCH_USER_PATHS = NO;
				CLANG_CXX_LANGUAGE_STANDARD = "gnu++0x";
				CLANG_CXX_LIBRARY = "libc++";
				CLANG_ENABLE_MODULES = YES;
				CLANG_ENABLE_OBJC_ARC = YES;
				CLANG_WARN_BOOL_CONVERSION = YES;
				CLANG_WARN_CONSTANT_CONVERSION = YES;
				CLANG_WARN_DIRECT_OBJC_ISA_USAGE = YES_ERROR;
				CLANG_WARN_EMPTY_BODY = YES;
				CLANG_WARN_ENUM_CONVERSION = YES;
				CLANG_WARN_INT_CONVERSION = YES;
				CLANG_WARN_OBJC_ROOT_CLASS = YES_ERROR;
				CLANG_WARN_UNREACHABLE_CODE = YES;
				CLANG_WARN__DUPLICATE_METHOD_MATCH = YES;
				CODE_SIGN_IDENTITY = "-";
				"COPY_HEADERS_UNIFDEF_FLAGS[sdk=*]" = /opt/local/include;
				COPY_PHASE_STRIP = NO;
				DEBUG_INFORMATION_FORMAT = dwarf;
				ENABLE_STRICT_OBJC_MSGSEND = YES;
				ENABLE_TESTABILITY = YES;
				GCC_C_LANGUAGE_STANDARD = gnu99;
				GCC_DYNAMIC_NO_PIC = NO;
				GCC_NO_COMMON_BLOCKS = YES;
				GCC_OPTIMIZATION_LEVEL = 0;
				GCC_PREPROCESSOR_DEFINITIONS = (
					"DEBUG=1",
					"$(inherited)",
				);
				GCC_WARN_64_TO_32_BIT_CONVERSION = YES;
				GCC_WARN_ABOUT_RETURN_TYPE = YES_ERROR;
				GCC_WARN_UNDECLARED_SELECTOR = YES;
				GCC_WARN_UNINITIALIZED_AUTOS = YES_AGGRESSIVE;
				GCC_WARN_UNUSED_FUNCTION = YES;
				GCC_WARN_UNUSED_VARIABLE = YES;
				"HEADER_SEARCH_PATHS[arch=*]" = /opt/local/include;
				MACOSX_DEPLOYMENT_TARGET = 10.11;
				MTL_ENABLE_DEBUG_INFO = YES;
				ONLY_ACTIVE_ARCH = YES;
				"OTHER_LDFLAGS[arch=*]" = lboost_regex;
				SDKROOT = macosx;
				"USER_HEADER_SEARCH_PATHS[arch=*]" = /opt/local/include;
			};
			name = Debug;
		};
		321128181C5D3EBB006149D8 /* Release */ = {
			isa = XCBuildConfiguration;
			buildSettings = {
				ALWAYS_SEARCH_USER_PATHS = NO;
				CLANG_CXX_LANGUAGE_STANDARD = "gnu++0x";
				CLANG_CXX_LIBRARY = "libc++";
				CLANG_ENABLE_MODULES = YES;
				CLANG_ENABLE_OBJC_ARC = YES;
				CLANG_WARN_BOOL_CONVERSION = YES;
				CLANG_WARN_CONSTANT_CONVERSION = YES;
				CLANG_WARN_DIRECT_OBJC_ISA_USAGE = YES_ERROR;
				CLANG_WARN_EMPTY_BODY = YES;
				CLANG_WARN_ENUM_CONVERSION = YES;
				CLANG_WARN_INT_CONVERSION = YES;
				CLANG_WARN_OBJC_ROOT_CLASS = YES_ERROR;
				CLANG_WARN_UNREACHABLE_CODE = YES;
				CLANG_WARN__DUPLICATE_METHOD_MATCH = YES;
				CODE_SIGN_IDENTITY = "-";
				"COPY_HEADERS_UNIFDEF_FLAGS[sdk=*]" = /opt/local/include;
				COPY_PHASE_STRIP = NO;
				DEBUG_INFORMATION_FORMAT = "dwarf-with-dsym";
				ENABLE_NS_ASSERTIONS = NO;
				ENABLE_STRICT_OBJC_MSGSEND = YES;
				GCC_C_LANGUAGE_STANDARD = gnu99;
				GCC_NO_COMMON_BLOCKS = YES;
				GCC_WARN_64_TO_32_BIT_CONVERSION = YES;
				GCC_WARN_ABOUT_RETURN_TYPE = YES_ERROR;
				GCC_WARN_UNDECLARED_SELECTOR = YES;
				GCC_WARN_UNINITIALIZED_AUTOS = YES_AGGRESSIVE;
				GCC_WARN_UNUSED_FUNCTION = YES;
				GCC_WARN_UNUSED_VARIABLE = YES;
				"HEADER_SEARCH_PATHS[arch=*]" = /opt/local/include;
				MACOSX_DEPLOYMENT_TARGET = 10.11;
				MTL_ENABLE_DEBUG_INFO = NO;
				"OTHER_LDFLAGS[arch=*]" = lboost_regex;
				SDKROOT = macosx;
			};
			name = Release;
		};
		3211281A1C5D3EBB006149D8 /* Debug */ = {
			isa = XCBuildConfiguration;
			buildSettings = {
				"LIBRARY_SEARCH_PATHS[arch=*]" = /opt/local/lib;
				"OTHER_LDFLAGS[arch=*]" = "-lboost_regex-mt";
				PRODUCT_NAME = "$(TARGET_NAME)";
			};
			name = Debug;
		};
		3211281B1C5D3EBB006149D8 /* Release */ = {
			isa = XCBuildConfiguration;
			buildSettings = {
				"LIBRARY_SEARCH_PATHS[arch=*]" = /opt/local/lib;
				"OTHER_LDFLAGS[arch=*]" = "-lboost_regex";
				PRODUCT_NAME = "$(TARGET_NAME)";
			};
			name = Release;
		};
/* End XCBuildConfiguration section */

/* Begin XCConfigurationList section */
		3211280D1C5D3EBB006149D8 /* Build configuration list for PBXProject "barcode_project" */ = {
			isa = XCConfigurationList;
			buildConfigurations = (
				321128171C5D3EBB006149D8 /* Debug */,
				321128181C5D3EBB006149D8 /* Release */,
			);
			defaultConfigurationIsVisible = 0;
			defaultConfigurationName = Release;
		};
		321128191C5D3EBB006149D8 /* Build configuration list for PBXNativeTarget "barcode_project" */ = {
			isa = XCConfigurationList;
			buildConfigurations = (
				3211281A1C5D3EBB006149D8 /* Debug */,
				3211281B1C5D3EBB006149D8 /* Release */,
			);
			defaultConfigurationIsVisible = 0;
			defaultConfigurationName = Release;
		};
/* End XCConfigurationList section */
	};
	rootObject = 3211280A1C5D3EBB006149D8 /* Project object */;
}
